
Microsoft Visual Studio Solution File, Format Version 12.00
# Visual Studio Version 17
VisualStudioVersion = 17.4.33110.190
MinimumVisualStudioVersion = 10.0.40219.1
Project("{FAE04EC0-301F-11D3-BF4B-00C04F79EFBC}") = "eDnevnik - backend", "eDnevnik - backend\eDnevnik - backend.csproj", "{B0D6FC55-E713-4086-9F00-65AE0B23FA5A}"
EndProject
Global
	GlobalSection(SolutionConfigurationPlatforms) = preSolution
		Debug|Any CPU = Debug|Any CPU
		Release|Any CPU = Release|Any CPU
	EndGlobalSection
	GlobalSection(ProjectConfigurationPlatforms) = postSolution
		{B0D6FC55-E713-4086-9F00-65AE0B23FA5A}.Debug|Any CPU.ActiveCfg = Debug|Any CPU
		{B0D6FC55-E713-4086-9F00-65AE0B23FA5A}.Debug|Any CPU.Build.0 = Debug|Any CPU
		{B0D6FC55-E713-4086-9F00-65AE0B23FA5A}.Release|Any CPU.ActiveCfg = Release|Any CPU
		{B0D6FC55-E713-4086-9F00-65AE0B23FA5A}.Release|Any CPU.Build.0 = Release|Any CPU
	EndGlobalSection
	GlobalSection(SolutionProperties) = preSolution
		HideSolutionNode = FALSE
	EndGlobalSection
	GlobalSection(ExtensibilityGlobals) = postSolution
		SolutionGuid = {D1988BCC-39D7-44FC-A94F-11E90D7CCF48}
	EndGlobalSection
EndGlobal
